
Microsoft Visual Studio Solution File, Format Version 12.00
# Visual Studio Version 17
VisualStudioVersion = 17.11.35303.130
MinimumVisualStudioVersion = 10.0.40219.1
Project("{FAE04EC0-301F-11D3-BF4B-00C04F79EFBC}") = "PaymentApprovalSystem", "PaymentApprovalSystem.csproj", "{4E518342-C917-46AC-9B64-938F065F8516}"
EndProject
Global
	GlobalSection(SolutionConfigurationPlatforms) = preSolution
		Debug|Any CPU = Debug|Any CPU
		Release|Any CPU = Release|Any CPU
	EndGlobalSection
	GlobalSection(ProjectConfigurationPlatforms) = postSolution
		{4E518342-C917-46AC-9B64-938F065F8516}.Debug|Any CPU.ActiveCfg = Debug|Any CPU
		{4E518342-C917-46AC-9B64-938F065F8516}.Debug|Any CPU.Build.0 = Debug|Any CPU
		{4E518342-C917-46AC-9B64-938F065F8516}.Release|Any CPU.ActiveCfg = Release|Any CPU
		{4E518342-C917-46AC-9B64-938F065F8516}.Release|Any CPU.Build.0 = Release|Any CPU
	EndGlobalSection
	GlobalSection(SolutionProperties) = preSolution
		HideSolutionNode = FALSE
	EndGlobalSection
	GlobalSection(ExtensibilityGlobals) = postSolution
		SolutionGuid = {F9D873BE-5950-4670-97C9-C451BD8047C6}
	EndGlobalSection
EndGlobal
